
Microsoft Visual Studio Solution File, Format Version 12.00
# Visual Studio Version 16
VisualStudioVersion = 16.0.29911.84
MinimumVisualStudioVersion = 10.0.40219.1
Project("{FAE04EC0-301F-11D3-BF4B-00C04F79EFBC}") = "SignalR", "SignalR\SignalR.csproj", "{E05BB55C-DE29-4A4A-ABE2-6AB3592E932F}"
EndProject
Global
	GlobalSection(SolutionConfigurationPlatforms) = preSolution
		Debug|Any CPU = Debug|Any CPU
		Release|Any CPU = Release|Any CPU
	EndGlobalSection
	GlobalSection(ProjectConfigurationPlatforms) = postSolution
		{E05BB55C-DE29-4A4A-ABE2-6AB3592E932F}.Debug|Any CPU.ActiveCfg = Debug|Any CPU
		{E05BB55C-DE29-4A4A-ABE2-6AB3592E932F}.Debug|Any CPU.Build.0 = Debug|Any CPU
		{E05BB55C-DE29-4A4A-ABE2-6AB3592E932F}.Release|Any CPU.ActiveCfg = Release|Any CPU
		{E05BB55C-DE29-4A4A-ABE2-6AB3592E932F}.Release|Any CPU.Build.0 = Release|Any CPU
	EndGlobalSection
	GlobalSection(SolutionProperties) = preSolution
		HideSolutionNode = FALSE
	EndGlobalSection
	GlobalSection(ExtensibilityGlobals) = postSolution
		SolutionGuid = {A6C01642-0DFC-40E3-AA67-4A4980BDB4AE}
	EndGlobalSection
EndGlobal
